
Microsoft Visual Studio Solution File, Format Version 12.00
# Visual Studio Version 17
VisualStudioVersion = 17.2.32630.192
MinimumVisualStudioVersion = 10.0.40219.1
Project("{2150E333-8FDC-42A3-9474-1A3956D46DE8}") = "00 Cross Cutting", "00 Cross Cutting", "{8EC49C5A-1FC2-4BD3-BB93-E63A1551D913}"
EndProject
Project("{2150E333-8FDC-42A3-9474-1A3956D46DE8}") = "01 Presentation", "01 Presentation", "{FA41ADA3-7384-4280-9705-F36EC1986BE4}"
EndProject
Project("{2150E333-8FDC-42A3-9474-1A3956D46DE8}") = "02 Distributed Services", "02 Distributed Services", "{FA3BB448-4592-4993-9B70-707B73A92BC5}"
EndProject
Project("{2150E333-8FDC-42A3-9474-1A3956D46DE8}") = "03 Application", "03 Application", "{2E3C2756-F5BC-4E7E-90E3-D2358CDC7300}"
EndProject
Project("{2150E333-8FDC-42A3-9474-1A3956D46DE8}") = "04 Domain", "04 Domain", "{E6A37A59-253F-4BC0-81A2-DC600125CEE5}"
EndProject
Project("{2150E333-8FDC-42A3-9474-1A3956D46DE8}") = "05 Infraestructure", "05 Infraestructure", "{033973AA-C71B-43D5-B88C-39D2EFB219A9}"
EndProject
Project("{2150E333-8FDC-42A3-9474-1A3956D46DE8}") = "06 Jobs", "06 Jobs", "{C70B6AA3-A1B1-4F5C-84F0-8359B4F266AD}"
EndProject
Project("{9A19103F-16F7-4668-BE54-9A1E7A4F7556}") = "Common", "CustomerMarket.Common\Common.csproj", "{5C5B49A5-59F3-4157-8D64-56B5FEA3A398}"
EndProject
Project("{9A19103F-16F7-4668-BE54-9A1E7A4F7556}") = "Dto", "CustomerMarket.Dto\Dto.csproj", "{AA5A5B36-37B7-4EEC-B8FA-6D87F2EDE3FE}"
EndProject
Project("{9A19103F-16F7-4668-BE54-9A1E7A4F7556}") = "Extensions", "CustomerMarket.Extensions\Extensions.csproj", "{C1B2622D-6FDF-4352-A72B-BCC1BB02C3DE}"
EndProject
Project("{9A19103F-16F7-4668-BE54-9A1E7A4F7556}") = "Middleware", "CustomerMarket.Middleware\Middleware.csproj", "{7DD00C61-00EC-48C6-98C4-BABCD9924581}"
EndProject
Project("{9A19103F-16F7-4668-BE54-9A1E7A4F7556}") = "Model", "CustomerMarket.Model\Model.csproj", "{58735E4C-8E71-4638-B500-E62B0DFB46FD}"
EndProject
Project("{9A19103F-16F7-4668-BE54-9A1E7A4F7556}") = "CustomerMarket.Api", "CustomerMarket.Mantenimiento.Api\CustomerMarket.Api.csproj", "{178A4A87-4730-422B-A2AF-FA3B4FFF6BCD}"
EndProject
Project("{9A19103F-16F7-4668-BE54-9A1E7A4F7556}") = "Implementations", "CustomerMarket.Application.Implementations\Implementations.csproj", "{D7DAA9C9-4207-4635-8235-6BE933D824CC}"
EndProject
Project("{9A19103F-16F7-4668-BE54-9A1E7A4F7556}") = "Interfaces", "CustomerMarket.Application.Interfaces\Interfaces.csproj", "{5B8F6F93-F64B-4D4F-8BCD-B2B80508B7BC}"
EndProject
Project("{9A19103F-16F7-4668-BE54-9A1E7A4F7556}") = "Models", "CustomerMarket.Domain.Models\Models.csproj", "{FB9C9459-4307-4F9F-B43D-5F7ADC6D764D}"
EndProject
Project("{9A19103F-16F7-4668-BE54-9A1E7A4F7556}") = "Repository.Implementations", "CustomerMarket.Repository.Implementations\Repository.Implementations.csproj", "{0425941E-EBED-4EE8-8D1D-7E533C805BD5}"
EndProject
Project("{9A19103F-16F7-4668-BE54-9A1E7A4F7556}") = "Repository.Interfaces", "CustomerMarket.Repository.Interfaces\Repository.Interfaces.csproj", "{31423E61-1BF0-4A77-A322-AACE5C9C8B78}"
EndProject
Project("{9A19103F-16F7-4668-BE54-9A1E7A4F7556}") = "Service.Implementations", "CustomerMarket.Service.Implementations\Service.Implementations.csproj", "{69B49514-4977-4023-AD76-AAD97FF9C8C7}"
EndProject
Project("{9A19103F-16F7-4668-BE54-9A1E7A4F7556}") = "Service.Interfaces", "CustomerMarket.Service.Interfaces\Service.Interfaces.csproj", "{5E41200E-C5DC-4BC5-82B2-76D7F771B165}"
EndProject
Global
	GlobalSection(SolutionConfigurationPlatforms) = preSolution
		Debug|Any CPU = Debug|Any CPU
		Release|Any CPU = Release|Any CPU
	EndGlobalSection
	GlobalSection(ProjectConfigurationPlatforms) = postSolution
		{5C5B49A5-59F3-4157-8D64-56B5FEA3A398}.Debug|Any CPU.ActiveCfg = Debug|Any CPU
		{5C5B49A5-59F3-4157-8D64-56B5FEA3A398}.Debug|Any CPU.Build.0 = Debug|Any CPU
		{5C5B49A5-59F3-4157-8D64-56B5FEA3A398}.Release|Any CPU.ActiveCfg = Release|Any CPU
		{5C5B49A5-59F3-4157-8D64-56B5FEA3A398}.Release|Any CPU.Build.0 = Release|Any CPU
		{AA5A5B36-37B7-4EEC-B8FA-6D87F2EDE3FE}.Debug|Any CPU.ActiveCfg = Debug|Any CPU
		{AA5A5B36-37B7-4EEC-B8FA-6D87F2EDE3FE}.Debug|Any CPU.Build.0 = Debug|Any CPU
		{AA5A5B36-37B7-4EEC-B8FA-6D87F2EDE3FE}.Release|Any CPU.ActiveCfg = Release|Any CPU
		{AA5A5B36-37B7-4EEC-B8FA-6D87F2EDE3FE}.Release|Any CPU.Build.0 = Release|Any CPU
		{C1B2622D-6FDF-4352-A72B-BCC1BB02C3DE}.Debug|Any CPU.ActiveCfg = Debug|Any CPU
		{C1B2622D-6FDF-4352-A72B-BCC1BB02C3DE}.Debug|Any CPU.Build.0 = Debug|Any CPU
		{C1B2622D-6FDF-4352-A72B-BCC1BB02C3DE}.Release|Any CPU.ActiveCfg = Release|Any CPU
		{C1B2622D-6FDF-4352-A72B-BCC1BB02C3DE}.Release|Any CPU.Build.0 = Release|Any CPU
		{7DD00C61-00EC-48C6-98C4-BABCD9924581}.Debug|Any CPU.ActiveCfg = Debug|Any CPU
		{7DD00C61-00EC-48C6-98C4-BABCD9924581}.Debug|Any CPU.Build.0 = Debug|Any CPU
		{7DD00C61-00EC-48C6-98C4-BABCD9924581}.Release|Any CPU.ActiveCfg = Release|Any CPU
		{7DD00C61-00EC-48C6-98C4-BABCD9924581}.Release|Any CPU.Build.0 = Release|Any CPU
		{58735E4C-8E71-4638-B500-E62B0DFB46FD}.Debug|Any CPU.ActiveCfg = Debug|Any CPU
		{58735E4C-8E71-4638-B500-E62B0DFB46FD}.Debug|Any CPU.Build.0 = Debug|Any CPU
		{58735E4C-8E71-4638-B500-E62B0DFB46FD}.Release|Any CPU.ActiveCfg = Release|Any CPU
		{58735E4C-8E71-4638-B500-E62B0DFB46FD}.Release|Any CPU.Build.0 = Release|Any CPU
		{178A4A87-4730-422B-A2AF-FA3B4FFF6BCD}.Debug|Any CPU.ActiveCfg = Debug|Any CPU
		{178A4A87-4730-422B-A2AF-FA3B4FFF6BCD}.Debug|Any CPU.Build.0 = Debug|Any CPU
		{178A4A87-4730-422B-A2AF-FA3B4FFF6BCD}.Release|Any CPU.ActiveCfg = Release|Any CPU
		{178A4A87-4730-422B-A2AF-FA3B4FFF6BCD}.Release|Any CPU.Build.0 = Release|Any CPU
		{D7DAA9C9-4207-4635-8235-6BE933D824CC}.Debug|Any CPU.ActiveCfg = Debug|Any CPU
		{D7DAA9C9-4207-4635-8235-6BE933D824CC}.Debug|Any CPU.Build.0 = Debug|Any CPU
		{D7DAA9C9-4207-4635-8235-6BE933D824CC}.Release|Any CPU.ActiveCfg = Release|Any CPU
		{D7DAA9C9-4207-4635-8235-6BE933D824CC}.Release|Any CPU.Build.0 = Release|Any CPU
		{5B8F6F93-F64B-4D4F-8BCD-B2B80508B7BC}.Debug|Any CPU.ActiveCfg = Debug|Any CPU
		{5B8F6F93-F64B-4D4F-8BCD-B2B80508B7BC}.Debug|Any CPU.Build.0 = Debug|Any CPU
		{5B8F6F93-F64B-4D4F-8BCD-B2B80508B7BC}.Release|Any CPU.ActiveCfg = Release|Any CPU
		{5B8F6F93-F64B-4D4F-8BCD-B2B80508B7BC}.Release|Any CPU.Build.0 = Release|Any CPU
		{FB9C9459-4307-4F9F-B43D-5F7ADC6D764D}.Debug|Any CPU.ActiveCfg = Debug|Any CPU
		{FB9C9459-4307-4F9F-B43D-5F7ADC6D764D}.Debug|Any CPU.Build.0 = Debug|Any CPU
		{FB9C9459-4307-4F9F-B43D-5F7ADC6D764D}.Release|Any CPU.ActiveCfg = Release|Any CPU
		{FB9C9459-4307-4F9F-B43D-5F7ADC6D764D}.Release|Any CPU.Build.0 = Release|Any CPU
		{0425941E-EBED-4EE8-8D1D-7E533C805BD5}.Debug|Any CPU.ActiveCfg = Debug|Any CPU
		{0425941E-EBED-4EE8-8D1D-7E533C805BD5}.Debug|Any CPU.Build.0 = Debug|Any CPU
		{0425941E-EBED-4EE8-8D1D-7E533C805BD5}.Release|Any CPU.ActiveCfg = Release|Any CPU
		{0425941E-EBED-4EE8-8D1D-7E533C805BD5}.Release|Any CPU.Build.0 = Release|Any CPU
		{31423E61-1BF0-4A77-A322-AACE5C9C8B78}.Debug|Any CPU.ActiveCfg = Debug|Any CPU
		{31423E61-1BF0-4A77-A322-AACE5C9C8B78}.Debug|Any CPU.Build.0 = Debug|Any CPU
		{31423E61-1BF0-4A77-A322-AACE5C9C8B78}.Release|Any CPU.ActiveCfg = Release|Any CPU
		{31423E61-1BF0-4A77-A322-AACE5C9C8B78}.Release|Any CPU.Build.0 = Release|Any CPU
		{69B49514-4977-4023-AD76-AAD97FF9C8C7}.Debug|Any CPU.ActiveCfg = Debug|Any CPU
		{69B49514-4977-4023-AD76-AAD97FF9C8C7}.Debug|Any CPU.Build.0 = Debug|Any CPU
		{69B49514-4977-4023-AD76-AAD97FF9C8C7}.Release|Any CPU.ActiveCfg = Release|Any CPU
		{69B49514-4977-4023-AD76-AAD97FF9C8C7}.Release|Any CPU.Build.0 = Release|Any CPU
		{5E41200E-C5DC-4BC5-82B2-76D7F771B165}.Debug|Any CPU.ActiveCfg = Debug|Any CPU
		{5E41200E-C5DC-4BC5-82B2-76D7F771B165}.Debug|Any CPU.Build.0 = Debug|Any CPU
		{5E41200E-C5DC-4BC5-82B2-76D7F771B165}.Release|Any CPU.ActiveCfg = Release|Any CPU
		{5E41200E-C5DC-4BC5-82B2-76D7F771B165}.Release|Any CPU.Build.0 = Release|Any CPU
	EndGlobalSection
	GlobalSection(SolutionProperties) = preSolution
		HideSolutionNode = FALSE
	EndGlobalSection
	GlobalSection(NestedProjects) = preSolution
		{5C5B49A5-59F3-4157-8D64-56B5FEA3A398} = {8EC49C5A-1FC2-4BD3-BB93-E63A1551D913}
		{AA5A5B36-37B7-4EEC-B8FA-6D87F2EDE3FE} = {8EC49C5A-1FC2-4BD3-BB93-E63A1551D913}
		{C1B2622D-6FDF-4352-A72B-BCC1BB02C3DE} = {8EC49C5A-1FC2-4BD3-BB93-E63A1551D913}
		{7DD00C61-00EC-48C6-98C4-BABCD9924581} = {8EC49C5A-1FC2-4BD3-BB93-E63A1551D913}
		{58735E4C-8E71-4638-B500-E62B0DFB46FD} = {8EC49C5A-1FC2-4BD3-BB93-E63A1551D913}
		{178A4A87-4730-422B-A2AF-FA3B4FFF6BCD} = {FA3BB448-4592-4993-9B70-707B73A92BC5}
		{D7DAA9C9-4207-4635-8235-6BE933D824CC} = {2E3C2756-F5BC-4E7E-90E3-D2358CDC7300}
		{5B8F6F93-F64B-4D4F-8BCD-B2B80508B7BC} = {2E3C2756-F5BC-4E7E-90E3-D2358CDC7300}
		{FB9C9459-4307-4F9F-B43D-5F7ADC6D764D} = {E6A37A59-253F-4BC0-81A2-DC600125CEE5}
		{0425941E-EBED-4EE8-8D1D-7E533C805BD5} = {033973AA-C71B-43D5-B88C-39D2EFB219A9}
		{31423E61-1BF0-4A77-A322-AACE5C9C8B78} = {033973AA-C71B-43D5-B88C-39D2EFB219A9}
		{69B49514-4977-4023-AD76-AAD97FF9C8C7} = {033973AA-C71B-43D5-B88C-39D2EFB219A9}
		{5E41200E-C5DC-4BC5-82B2-76D7F771B165} = {033973AA-C71B-43D5-B88C-39D2EFB219A9}
	EndGlobalSection
	GlobalSection(ExtensibilityGlobals) = postSolution
		SolutionGuid = {9CF27BA6-E0BF-43E1-A8F5-97BF285F1E62}
	EndGlobalSection
EndGlobal
